
Microsoft Visual Studio Solution File, Format Version 12.00
# Visual Studio 2012
Project("{FAE04EC0-301F-11D3-BF4B-00C04F79EFBC}") = "MyPluginEngine", "MyPluginEngine\MyPluginEngine.csproj", "{40E8851D-BDE3-450E-AF6A-5D4CA40B0FB7}"
EndProject
Project("{FAE04EC0-301F-11D3-BF4B-00C04F79EFBC}") = "MyMainGIS", "MyMainGIS\MyMainGIS.csproj", "{966B9B5F-AB06-4070-A0C5-D6F974922F39}"
EndProject
Project("{FAE04EC0-301F-11D3-BF4B-00C04F79EFBC}") = "VisualMenuBar", "VisualMenuBar\VisualMenuBar.csproj", "{BBBAC1C4-4F4E-4E4E-BBB6-E9EE03107F7D}"
EndProject
Project("{FAE04EC0-301F-11D3-BF4B-00C04F79EFBC}") = "CartographicMenuBar", "CartographicMenuBar\CartographicMenuBar.csproj", "{D127489A-D634-4B02-BE23-CF4A8394857D}"
EndProject
Global
	GlobalSection(SolutionConfigurationPlatforms) = preSolution
		Debug|Any CPU = Debug|Any CPU
		Release|Any CPU = Release|Any CPU
	EndGlobalSection
	GlobalSection(ProjectConfigurationPlatforms) = postSolution
		{40E8851D-BDE3-450E-AF6A-5D4CA40B0FB7}.Debug|Any CPU.ActiveCfg = Debug|Any CPU
		{40E8851D-BDE3-450E-AF6A-5D4CA40B0FB7}.Debug|Any CPU.Build.0 = Debug|Any CPU
		{40E8851D-BDE3-450E-AF6A-5D4CA40B0FB7}.Release|Any CPU.ActiveCfg = Release|Any CPU
		{40E8851D-BDE3-450E-AF6A-5D4CA40B0FB7}.Release|Any CPU.Build.0 = Release|Any CPU
		{966B9B5F-AB06-4070-A0C5-D6F974922F39}.Debug|Any CPU.ActiveCfg = Debug|Any CPU
		{966B9B5F-AB06-4070-A0C5-D6F974922F39}.Debug|Any CPU.Build.0 = Debug|Any CPU
		{966B9B5F-AB06-4070-A0C5-D6F974922F39}.Release|Any CPU.ActiveCfg = Release|Any CPU
		{966B9B5F-AB06-4070-A0C5-D6F974922F39}.Release|Any CPU.Build.0 = Release|Any CPU
		{BBBAC1C4-4F4E-4E4E-BBB6-E9EE03107F7D}.Debug|Any CPU.ActiveCfg = Debug|Any CPU
		{BBBAC1C4-4F4E-4E4E-BBB6-E9EE03107F7D}.Debug|Any CPU.Build.0 = Debug|Any CPU
		{BBBAC1C4-4F4E-4E4E-BBB6-E9EE03107F7D}.Release|Any CPU.ActiveCfg = Release|Any CPU
		{BBBAC1C4-4F4E-4E4E-BBB6-E9EE03107F7D}.Release|Any CPU.Build.0 = Release|Any CPU
		{D127489A-D634-4B02-BE23-CF4A8394857D}.Debug|Any CPU.ActiveCfg = Debug|Any CPU
		{D127489A-D634-4B02-BE23-CF4A8394857D}.Debug|Any CPU.Build.0 = Debug|Any CPU
		{D127489A-D634-4B02-BE23-CF4A8394857D}.Release|Any CPU.ActiveCfg = Release|Any CPU
		{D127489A-D634-4B02-BE23-CF4A8394857D}.Release|Any CPU.Build.0 = Release|Any CPU
	EndGlobalSection
	GlobalSection(SolutionProperties) = preSolution
		HideSolutionNode = FALSE
	EndGlobalSection
EndGlobal
